
Microsoft Visual Studio Solution File, Format Version 12.00
# Visual Studio Version 16
VisualStudioVersion = 16.0.30204.135
MinimumVisualStudioVersion = 10.0.40219.1
Project("{FAE04EC0-301F-11D3-BF4B-00C04F79EFBC}") = "TemporalneOperacije", "TemporalneOperacije\TemporalneOperacije.csproj", "{D0FCDE48-3972-4851-988E-9E4C1524A338}"
EndProject
Global
	GlobalSection(SolutionConfigurationPlatforms) = preSolution
		Debug|Any CPU = Debug|Any CPU
		Release|Any CPU = Release|Any CPU
	EndGlobalSection
	GlobalSection(ProjectConfigurationPlatforms) = postSolution
		{D0FCDE48-3972-4851-988E-9E4C1524A338}.Debug|Any CPU.ActiveCfg = Debug|Any CPU
		{D0FCDE48-3972-4851-988E-9E4C1524A338}.Debug|Any CPU.Build.0 = Debug|Any CPU
		{D0FCDE48-3972-4851-988E-9E4C1524A338}.Release|Any CPU.ActiveCfg = Release|Any CPU
		{D0FCDE48-3972-4851-988E-9E4C1524A338}.Release|Any CPU.Build.0 = Release|Any CPU
	EndGlobalSection
	GlobalSection(SolutionProperties) = preSolution
		HideSolutionNode = FALSE
	EndGlobalSection
	GlobalSection(ExtensibilityGlobals) = postSolution
		SolutionGuid = {495316F7-F7C4-44C1-B2E5-91C627BB8015}
	EndGlobalSection
EndGlobal
